
Microsoft Visual Studio Solution File, Format Version 12.00
# Visual Studio Version 16
VisualStudioVersion = 16.0.29306.81
MinimumVisualStudioVersion = 10.0.40219.1
Project("{FAE04EC0-301F-11D3-BF4B-00C04F79EFBC}") = "GuessNumber", "GuessNumber\GuessNumber.csproj", "{3271B230-0DFA-47B6-8C25-687D715CFE9F}"
EndProject
Global
	GlobalSection(SolutionConfigurationPlatforms) = preSolution
		Debug|Any CPU = Debug|Any CPU
		Release|Any CPU = Release|Any CPU
	EndGlobalSection
	GlobalSection(ProjectConfigurationPlatforms) = postSolution
		{3271B230-0DFA-47B6-8C25-687D715CFE9F}.Debug|Any CPU.ActiveCfg = Debug|Any CPU
		{3271B230-0DFA-47B6-8C25-687D715CFE9F}.Debug|Any CPU.Build.0 = Debug|Any CPU
		{3271B230-0DFA-47B6-8C25-687D715CFE9F}.Release|Any CPU.ActiveCfg = Release|Any CPU
		{3271B230-0DFA-47B6-8C25-687D715CFE9F}.Release|Any CPU.Build.0 = Release|Any CPU
	EndGlobalSection
	GlobalSection(SolutionProperties) = preSolution
		HideSolutionNode = FALSE
	EndGlobalSection
	GlobalSection(ExtensibilityGlobals) = postSolution
		SolutionGuid = {DF83FF1B-6798-4D39-A283-4FE4DCB405F4}
	EndGlobalSection
EndGlobal
