
Microsoft Visual Studio Solution File, Format Version 12.00
# Visual Studio Version 16
VisualStudioVersion = 16.0.29306.81
MinimumVisualStudioVersion = 10.0.40219.1
Project("{FAE04EC0-301F-11D3-BF4B-00C04F79EFBC}") = "CartOfProducts", "CartOfProducts\CartOfProducts.csproj", "{1CBAED70-AE3D-4417-AB14-640423DC2252}"
EndProject
Global
	GlobalSection(SolutionConfigurationPlatforms) = preSolution
		Debug|Any CPU = Debug|Any CPU
		Release|Any CPU = Release|Any CPU
	EndGlobalSection
	GlobalSection(ProjectConfigurationPlatforms) = postSolution
		{1CBAED70-AE3D-4417-AB14-640423DC2252}.Debug|Any CPU.ActiveCfg = Debug|Any CPU
		{1CBAED70-AE3D-4417-AB14-640423DC2252}.Debug|Any CPU.Build.0 = Debug|Any CPU
		{1CBAED70-AE3D-4417-AB14-640423DC2252}.Release|Any CPU.ActiveCfg = Release|Any CPU
		{1CBAED70-AE3D-4417-AB14-640423DC2252}.Release|Any CPU.Build.0 = Release|Any CPU
	EndGlobalSection
	GlobalSection(SolutionProperties) = preSolution
		HideSolutionNode = FALSE
	EndGlobalSection
	GlobalSection(ExtensibilityGlobals) = postSolution
		SolutionGuid = {B50A4300-42E3-4764-A0A6-10C7E9593A5C}
	EndGlobalSection
EndGlobal
